
Microsoft Visual Studio Solution File, Format Version 12.00
# Visual Studio Version 17
VisualStudioVersion = 17.7.34202.233
MinimumVisualStudioVersion = 10.0.40219.1
Project("{FAE04EC0-301F-11D3-BF4B-00C04F79EFBC}") = "StreamingProject.Streaming.Domain", "StreamingProject.Streaming.Domain\StreamingProject.Streaming.Domain.csproj", "{1BD7D16C-BAD4-439B-BB07-E50DE1E7E108}"
EndProject
Project("{FAE04EC0-301F-11D3-BF4B-00C04F79EFBC}") = "StreamingProject.Streaming.Repository", "StreamingProject.Streaming.Repository\StreamingProject.Streaming.Repository.csproj", "{F7D1B86C-7769-4949-959E-5B11126DC631}"
EndProject
Project("{FAE04EC0-301F-11D3-BF4B-00C04F79EFBC}") = "StreamingProject.Streaming.Application", "StreamingProject.Streaming.Application\StreamingProject.Streaming.Application.csproj", "{CA463D43-D8C0-45FC-81E1-BBC4E4AEDD7F}"
EndProject
Project("{FAE04EC0-301F-11D3-BF4B-00C04F79EFBC}") = "StreamingProject.Core", "StreamingProject.Streaming.Core\StreamingProject.Core.csproj", "{965D2FE5-987A-4426-B9A9-3B91AF0A4F65}"
EndProject
Project("{FAE04EC0-301F-11D3-BF4B-00C04F79EFBC}") = "StreamingProject.Streaming.API", "StreamingProject.Streaming.API\StreamingProject.Streaming.API.csproj", "{BE724DC0-C978-439C-9C2C-A2EBA69410C1}"
EndProject
Global
	GlobalSection(SolutionConfigurationPlatforms) = preSolution
		Debug|Any CPU = Debug|Any CPU
		Release|Any CPU = Release|Any CPU
	EndGlobalSection
	GlobalSection(ProjectConfigurationPlatforms) = postSolution
		{1BD7D16C-BAD4-439B-BB07-E50DE1E7E108}.Debug|Any CPU.ActiveCfg = Debug|Any CPU
		{1BD7D16C-BAD4-439B-BB07-E50DE1E7E108}.Debug|Any CPU.Build.0 = Debug|Any CPU
		{1BD7D16C-BAD4-439B-BB07-E50DE1E7E108}.Release|Any CPU.ActiveCfg = Release|Any CPU
		{1BD7D16C-BAD4-439B-BB07-E50DE1E7E108}.Release|Any CPU.Build.0 = Release|Any CPU
		{F7D1B86C-7769-4949-959E-5B11126DC631}.Debug|Any CPU.ActiveCfg = Debug|Any CPU
		{F7D1B86C-7769-4949-959E-5B11126DC631}.Debug|Any CPU.Build.0 = Debug|Any CPU
		{F7D1B86C-7769-4949-959E-5B11126DC631}.Release|Any CPU.ActiveCfg = Release|Any CPU
		{F7D1B86C-7769-4949-959E-5B11126DC631}.Release|Any CPU.Build.0 = Release|Any CPU
		{CA463D43-D8C0-45FC-81E1-BBC4E4AEDD7F}.Debug|Any CPU.ActiveCfg = Debug|Any CPU
		{CA463D43-D8C0-45FC-81E1-BBC4E4AEDD7F}.Debug|Any CPU.Build.0 = Debug|Any CPU
		{CA463D43-D8C0-45FC-81E1-BBC4E4AEDD7F}.Release|Any CPU.ActiveCfg = Release|Any CPU
		{CA463D43-D8C0-45FC-81E1-BBC4E4AEDD7F}.Release|Any CPU.Build.0 = Release|Any CPU
		{965D2FE5-987A-4426-B9A9-3B91AF0A4F65}.Debug|Any CPU.ActiveCfg = Debug|Any CPU
		{965D2FE5-987A-4426-B9A9-3B91AF0A4F65}.Debug|Any CPU.Build.0 = Debug|Any CPU
		{965D2FE5-987A-4426-B9A9-3B91AF0A4F65}.Release|Any CPU.ActiveCfg = Release|Any CPU
		{965D2FE5-987A-4426-B9A9-3B91AF0A4F65}.Release|Any CPU.Build.0 = Release|Any CPU
		{BE724DC0-C978-439C-9C2C-A2EBA69410C1}.Debug|Any CPU.ActiveCfg = Debug|Any CPU
		{BE724DC0-C978-439C-9C2C-A2EBA69410C1}.Debug|Any CPU.Build.0 = Debug|Any CPU
		{BE724DC0-C978-439C-9C2C-A2EBA69410C1}.Release|Any CPU.ActiveCfg = Release|Any CPU
		{BE724DC0-C978-439C-9C2C-A2EBA69410C1}.Release|Any CPU.Build.0 = Release|Any CPU
	EndGlobalSection
	GlobalSection(SolutionProperties) = preSolution
		HideSolutionNode = FALSE
	EndGlobalSection
	GlobalSection(ExtensibilityGlobals) = postSolution
		SolutionGuid = {095AEF53-D447-4BE1-BA5A-BFFB730AB924}
	EndGlobalSection
EndGlobal
